
Microsoft Visual Studio Solution File, Format Version 12.00
# Visual Studio Version 16
VisualStudioVersion = 16.0.30503.244
MinimumVisualStudioVersion = 10.0.40219.1
Project("{FAE04EC0-301F-11D3-BF4B-00C04F79EFBC}") = "CMTSpark", "SPARKXCCEditor_Addon\CMTSpark.csproj", "{AD69D033-EAA7-4197-9B92-9E7DCA1E6FA6}"
EndProject
Project("{FAE04EC0-301F-11D3-BF4B-00C04F79EFBC}") = "M64MM.Utils", "..\M64MM\M64MM.Utils\M64MM.Utils.csproj", "{3587B41B-7005-49CE-A884-6986ADC8CA01}"
EndProject
Project("{9A19103F-16F7-4668-BE54-9A1E7A4F7556}") = "M64MM.Addon", "..\M64MM\M64MM.Addon\M64MM.Addon.csproj", "{3E9DD360-39A9-47CD-BD2C-2CA202A84B60}"
EndProject
Global
	GlobalSection(SolutionConfigurationPlatforms) = preSolution
		Debug|Any CPU = Debug|Any CPU
		Release|Any CPU = Release|Any CPU
	EndGlobalSection
	GlobalSection(ProjectConfigurationPlatforms) = postSolution
		{AD69D033-EAA7-4197-9B92-9E7DCA1E6FA6}.Debug|Any CPU.ActiveCfg = Debug|Any CPU
		{AD69D033-EAA7-4197-9B92-9E7DCA1E6FA6}.Debug|Any CPU.Build.0 = Debug|Any CPU
		{AD69D033-EAA7-4197-9B92-9E7DCA1E6FA6}.Release|Any CPU.ActiveCfg = Release|Any CPU
		{AD69D033-EAA7-4197-9B92-9E7DCA1E6FA6}.Release|Any CPU.Build.0 = Release|Any CPU
		{3587B41B-7005-49CE-A884-6986ADC8CA01}.Debug|Any CPU.ActiveCfg = Debug|Any CPU
		{3587B41B-7005-49CE-A884-6986ADC8CA01}.Debug|Any CPU.Build.0 = Debug|Any CPU
		{3587B41B-7005-49CE-A884-6986ADC8CA01}.Release|Any CPU.ActiveCfg = Release|Any CPU
		{3587B41B-7005-49CE-A884-6986ADC8CA01}.Release|Any CPU.Build.0 = Release|Any CPU
		{3E9DD360-39A9-47CD-BD2C-2CA202A84B60}.Debug|Any CPU.ActiveCfg = Debug|Any CPU
		{3E9DD360-39A9-47CD-BD2C-2CA202A84B60}.Debug|Any CPU.Build.0 = Debug|Any CPU
		{3E9DD360-39A9-47CD-BD2C-2CA202A84B60}.Release|Any CPU.ActiveCfg = Release|Any CPU
		{3E9DD360-39A9-47CD-BD2C-2CA202A84B60}.Release|Any CPU.Build.0 = Release|Any CPU
	EndGlobalSection
	GlobalSection(SolutionProperties) = preSolution
		HideSolutionNode = FALSE
	EndGlobalSection
	GlobalSection(ExtensibilityGlobals) = postSolution
		SolutionGuid = {04FD2973-572D-4DD0-B768-9CED8082D2FA}
	EndGlobalSection
EndGlobal
